
Microsoft Visual Studio Solution File, Format Version 12.00
# Visual Studio 14
VisualStudioVersion = 14.0.25420.1
MinimumVisualStudioVersion = 10.0.40219.1
Project("{FAE04EC0-301F-11D3-BF4B-00C04F79EFBC}") = "ACTester", "ACTester\ACTester.csproj", "{6F364073-495F-4503-93ED-DBE74E6BF918}"
EndProject
Project("{FAE04EC0-301F-11D3-BF4B-00C04F79EFBC}") = "ACTester.Models", "ACTester.Models\ACTester.Models.csproj", "{B8530D7A-6005-446A-A0FA-304EB9090363}"
EndProject
Project("{FAE04EC0-301F-11D3-BF4B-00C04F79EFBC}") = "ACTester.Utilities", "ACTester.Utilities\ACTester.Utilities.csproj", "{72AE08ED-D1BE-4E0B-8F06-32A497A9CFB0}"
EndProject
Project("{FAE04EC0-301F-11D3-BF4B-00C04F79EFBC}") = "ACTester.Data", "ACTester.Data\ACTester.Data.csproj", "{366DFC33-F6EA-4E21-ABB7-C7DFE43BC5C1}"
EndProject
Global
	GlobalSection(SolutionConfigurationPlatforms) = preSolution
		Debug|Any CPU = Debug|Any CPU
		Release|Any CPU = Release|Any CPU
	EndGlobalSection
	GlobalSection(ProjectConfigurationPlatforms) = postSolution
		{6F364073-495F-4503-93ED-DBE74E6BF918}.Debug|Any CPU.ActiveCfg = Debug|Any CPU
		{6F364073-495F-4503-93ED-DBE74E6BF918}.Debug|Any CPU.Build.0 = Debug|Any CPU
		{6F364073-495F-4503-93ED-DBE74E6BF918}.Release|Any CPU.ActiveCfg = Release|Any CPU
		{6F364073-495F-4503-93ED-DBE74E6BF918}.Release|Any CPU.Build.0 = Release|Any CPU
		{B8530D7A-6005-446A-A0FA-304EB9090363}.Debug|Any CPU.ActiveCfg = Debug|Any CPU
		{B8530D7A-6005-446A-A0FA-304EB9090363}.Debug|Any CPU.Build.0 = Debug|Any CPU
		{B8530D7A-6005-446A-A0FA-304EB9090363}.Release|Any CPU.ActiveCfg = Release|Any CPU
		{B8530D7A-6005-446A-A0FA-304EB9090363}.Release|Any CPU.Build.0 = Release|Any CPU
		{72AE08ED-D1BE-4E0B-8F06-32A497A9CFB0}.Debug|Any CPU.ActiveCfg = Debug|Any CPU
		{72AE08ED-D1BE-4E0B-8F06-32A497A9CFB0}.Debug|Any CPU.Build.0 = Debug|Any CPU
		{72AE08ED-D1BE-4E0B-8F06-32A497A9CFB0}.Release|Any CPU.ActiveCfg = Release|Any CPU
		{72AE08ED-D1BE-4E0B-8F06-32A497A9CFB0}.Release|Any CPU.Build.0 = Release|Any CPU
		{366DFC33-F6EA-4E21-ABB7-C7DFE43BC5C1}.Debug|Any CPU.ActiveCfg = Debug|Any CPU
		{366DFC33-F6EA-4E21-ABB7-C7DFE43BC5C1}.Debug|Any CPU.Build.0 = Debug|Any CPU
		{366DFC33-F6EA-4E21-ABB7-C7DFE43BC5C1}.Release|Any CPU.ActiveCfg = Release|Any CPU
		{366DFC33-F6EA-4E21-ABB7-C7DFE43BC5C1}.Release|Any CPU.Build.0 = Release|Any CPU
	EndGlobalSection
	GlobalSection(SolutionProperties) = preSolution
		HideSolutionNode = FALSE
	EndGlobalSection
EndGlobal
